
Microsoft Visual Studio Solution File, Format Version 12.00
# Visual Studio 14
VisualStudioVersion = 14.0.25420.1
MinimumVisualStudioVersion = 10.0.40219.1
Project("{8BC9CEB8-8B4A-11D0-8D11-00A0C91BC942}") = "lwe_common", "lwe_common\src\lwe_common.vcxproj", "{CAACEE0D-1756-4A21-BD6B-7B4A34CF7B38}"
EndProject
Project("{8BC9CEB8-8B4A-11D0-8D11-00A0C91BC942}") = "lwe_graphics", "lwe_graphics\src\lwe_graphics.vcxproj", "{8FDB9FED-FAB8-4FCB-8CA1-267DB132CAE3}"
	ProjectSection(ProjectDependencies) = postProject
		{CAACEE0D-1756-4A21-BD6B-7B4A34CF7B38} = {CAACEE0D-1756-4A21-BD6B-7B4A34CF7B38}
	EndProjectSection
EndProject
Project("{8BC9CEB8-8B4A-11D0-8D11-00A0C91BC942}") = "lwe_test_app1", "lwe_test_app1\lwe_test_app1.vcxproj", "{C8C406C7-1539-4407-A429-B2E1E7FFBCB4}"
	ProjectSection(ProjectDependencies) = postProject
		{CAACEE0D-1756-4A21-BD6B-7B4A34CF7B38} = {CAACEE0D-1756-4A21-BD6B-7B4A34CF7B38}
		{8FDB9FED-FAB8-4FCB-8CA1-267DB132CAE3} = {8FDB9FED-FAB8-4FCB-8CA1-267DB132CAE3}
	EndProjectSection
EndProject
Global
	GlobalSection(SolutionConfigurationPlatforms) = preSolution
		Debug|x64 = Debug|x64
		Release|x64 = Release|x64
	EndGlobalSection
	GlobalSection(ProjectConfigurationPlatforms) = postSolution
		{CAACEE0D-1756-4A21-BD6B-7B4A34CF7B38}.Debug|x64.ActiveCfg = Debug|x64
		{CAACEE0D-1756-4A21-BD6B-7B4A34CF7B38}.Debug|x64.Build.0 = Debug|x64
		{CAACEE0D-1756-4A21-BD6B-7B4A34CF7B38}.Release|x64.ActiveCfg = Release|x64
		{CAACEE0D-1756-4A21-BD6B-7B4A34CF7B38}.Release|x64.Build.0 = Release|x64
		{8FDB9FED-FAB8-4FCB-8CA1-267DB132CAE3}.Debug|x64.ActiveCfg = Debug|x64
		{8FDB9FED-FAB8-4FCB-8CA1-267DB132CAE3}.Debug|x64.Build.0 = Debug|x64
		{8FDB9FED-FAB8-4FCB-8CA1-267DB132CAE3}.Release|x64.ActiveCfg = Release|x64
		{8FDB9FED-FAB8-4FCB-8CA1-267DB132CAE3}.Release|x64.Build.0 = Release|x64
		{C8C406C7-1539-4407-A429-B2E1E7FFBCB4}.Debug|x64.ActiveCfg = Debug|x64
		{C8C406C7-1539-4407-A429-B2E1E7FFBCB4}.Debug|x64.Build.0 = Debug|x64
		{C8C406C7-1539-4407-A429-B2E1E7FFBCB4}.Release|x64.ActiveCfg = Release|x64
		{C8C406C7-1539-4407-A429-B2E1E7FFBCB4}.Release|x64.Build.0 = Release|x64
	EndGlobalSection
	GlobalSection(SolutionProperties) = preSolution
		HideSolutionNode = FALSE
	EndGlobalSection
EndGlobal
