<?xml version="1.0" encoding="utf-8"?>
<Project ToolsVersion="4.0" xmlns="http://schemas.microsoft.com/developer/msbuild/2003">
  <ItemGroup>
    <Filter Include="Resource Files">
      <UniqueIdentifier>{67DA6AB6-F800-4c08-8B7A-83BB121AAD01}</UniqueIdentifier>
      <Extensions>rc;ico;cur;bmp;dlg;rc2;rct;bin;rgs;gif;jpg;jpeg;jpe;resx;tiff;tif;png;wav;mfcribbon-ms</Extensions>
    </Filter>
    <Filter Include="include">
      <UniqueIdentifier>{97c9b34d-73fa-4f6b-9acb-4dfebd1e4e28}</UniqueIdentifier>
    </Filter>
    <Filter Include="src">
      <UniqueIdentifier>{11fa2675-1635-45d0-ac08-9f950a6a21e9}</UniqueIdentifier>
    </Filter>
  </ItemGroup>
  <ItemGroup>
    <ClInclude Include="..\include\lwe_platform.h">
      <Filter>include</Filter>
    </ClInclude>
    <ClInclude Include="..\include\lwe_logging.h">
      <Filter>include</Filter>
    </ClInclude>
    <ClInclude Include="..\include\lwe_assert.h">
      <Filter>include</Filter>
    </ClInclude>
    <ClInclude Include="..\include\lwe_system.h">
      <Filter>include</Filter>
    </ClInclude>
    <ClInclude Include="..\include\lwe_handle.h">
      <Filter>include</Filter>
    </ClInclude>
  </ItemGroup>
  <ItemGroup>
    <ClCompile Include="lwe_logging.cpp">
      <Filter>src</Filter>
    </ClCompile>
    <ClCompile Include="lwe_system.cpp">
      <Filter>src</Filter>
    </ClCompile>
    <ClCompile Include="lwe_handle.cpp">
      <Filter>src</Filter>
    </ClCompile>
  </ItemGroup>
</Project>